
Microsoft Visual Studio Solution File, Format Version 12.00
# Visual Studio Version 16
VisualStudioVersion = 16.0.34729.46
MinimumVisualStudioVersion = 10.0.40219.1
Project("{FAE04EC0-301F-11D3-BF4B-00C04F79EFBC}") = "CollegeManagement_System", "CollegeManagement_System\CollegeManagement_System.csproj", "{2196CF2D-4152-4B65-AD9B-9E706C23B7FF}"
EndProject
Global
	GlobalSection(SolutionConfigurationPlatforms) = preSolution
		Debug|Any CPU = Debug|Any CPU
		Release|Any CPU = Release|Any CPU
	EndGlobalSection
	GlobalSection(ProjectConfigurationPlatforms) = postSolution
		{2196CF2D-4152-4B65-AD9B-9E706C23B7FF}.Debug|Any CPU.ActiveCfg = Debug|Any CPU
		{2196CF2D-4152-4B65-AD9B-9E706C23B7FF}.Debug|Any CPU.Build.0 = Debug|Any CPU
		{2196CF2D-4152-4B65-AD9B-9E706C23B7FF}.Release|Any CPU.ActiveCfg = Release|Any CPU
		{2196CF2D-4152-4B65-AD9B-9E706C23B7FF}.Release|Any CPU.Build.0 = Release|Any CPU
	EndGlobalSection
	GlobalSection(SolutionProperties) = preSolution
		HideSolutionNode = FALSE
	EndGlobalSection
	GlobalSection(ExtensibilityGlobals) = postSolution
		SolutionGuid = {D7BBD02C-F117-440F-ABFD-13BF3399EAC9}
	EndGlobalSection
EndGlobal
